// !$*UTF8*$!
{
	archiveVersion = 1;
	classes = {
	};
	objectVersion = 46;
	objects = {

/* Begin PBXBuildFile section */
		949BF10A181C929300E326B7 /* Chalkboard-background.jpg in Resources */ = {isa = PBXBuildFile; fileRef = 949BF109181C929300E326B7 /* Chalkboard-background.jpg */; };
		949BF110181C9D2900E326B7 /* AssessmentDetailsViewController.m in Sources */ = {isa = PBXBuildFile; fileRef = 949BF10F181C9D2900E326B7 /* AssessmentDetailsViewController.m */; };
		949BF113181CF61E00E326B7 /* Session.m in Sources */ = {isa = PBXBuildFile; fileRef = 949BF112181CF61E00E326B7 /* Session.m */; };
		949BF116181D0B1300E326B7 /* CurrentSessionViewController.m in Sources */ = {isa = PBXBuildFile; fileRef = 949BF115181D0B1200E326B7 /* CurrentSessionViewController.m */; };
		949BF119181D216B00E326B7 /* CurrentSession.m in Sources */ = {isa = PBXBuildFile; fileRef = 949BF118181D216B00E326B7 /* CurrentSession.m */; };
		949BF11F181D3FF700E326B7 /* appbar.calculator-1.png in Resources */ = {isa = PBXBuildFile; fileRef = 949BF11B181D3FF700E326B7 /* appbar.calculator-1.png */; };
		949BF120181D3FF700E326B7 /* appbar.calendar.14-1.png in Resources */ = {isa = PBXBuildFile; fileRef = 949BF11C181D3FF700E326B7 /* appbar.calendar.14-1.png */; };
		949BF121181D3FF700E326B7 /* appbar.checkmark.pencil.png in Resources */ = {isa = PBXBuildFile; fileRef = 949BF11D181D3FF700E326B7 /* appbar.checkmark.pencil.png */; };
		949BF122181D3FF700E326B7 /* appbar.clipboard-1.png in Resources */ = {isa = PBXBuildFile; fileRef = 949BF11E181D3FF700E326B7 /* appbar.clipboard-1.png */; };
		C22A68611813D48100AFCBDE /* AddAssessmentViewController.m in Sources */ = {isa = PBXBuildFile; fileRef = C22A68601813D48100AFCBDE /* AddAssessmentViewController.m */; };
		C22A68641813D51E00AFCBDE /* AddClassViewController.m in Sources */ = {isa = PBXBuildFile; fileRef = C22A68631813D51E00AFCBDE /* AddClassViewController.m */; };
		C22A68671813EF3200AFCBDE /* SubjectSelectionViewController.m in Sources */ = {isa = PBXBuildFile; fileRef = C22A68661813EF3200AFCBDE /* SubjectSelectionViewController.m */; };
		C22A68791813FFE100AFCBDE /* Subjects.m in Sources */ = {isa = PBXBuildFile; fileRef = C22A68781813FFE100AFCBDE /* Subjects.m */; };
		C22A687C1813FFE100AFCBDE /* Classes.m in Sources */ = {isa = PBXBuildFile; fileRef = C22A687B1813FFE100AFCBDE /* Classes.m */; };
		C22A687F1814117F00AFCBDE /* SubjectViewController.m in Sources */ = {isa = PBXBuildFile; fileRef = C22A687E1814117F00AFCBDE /* SubjectViewController.m */; };
		C22A6882181411B400AFCBDE /* Assessments.m in Sources */ = {isa = PBXBuildFile; fileRef = C22A6881181411B400AFCBDE /* Assessments.m */; };
		C2B207EF17FDA060001DAD23 /* UIKit.framework in Frameworks */ = {isa = PBXBuildFile; fileRef = C2B207EE17FDA060001DAD23 /* UIKit.framework */; };
		C2B207F117FDA060001DAD23 /* Foundation.framework in Frameworks */ = {isa = PBXBuildFile; fileRef = C2B207F017FDA060001DAD23 /* Foundation.framework */; };
		C2B207F317FDA060001DAD23 /* CoreGraphics.framework in Frameworks */ = {isa = PBXBuildFile; fileRef = C2B207F217FDA060001DAD23 /* CoreGraphics.framework */; };
		C2B207F917FDA060001DAD23 /* InfoPlist.strings in Resources */ = {isa = PBXBuildFile; fileRef = C2B207F717FDA060001DAD23 /* InfoPlist.strings */; };
		C2B207FB17FDA060001DAD23 /* main.m in Sources */ = {isa = PBXBuildFile; fileRef = C2B207FA17FDA060001DAD23 /* main.m */; };
		C2B207FF17FDA060001DAD23 /* AppDelegate.m in Sources */ = {isa = PBXBuildFile; fileRef = C2B207FE17FDA060001DAD23 /* AppDelegate.m */; };
		C2B2080117FDA060001DAD23 /* Default.png in Resources */ = {isa = PBXBuildFile; fileRef = C2B2080017FDA060001DAD23 /* Default.png */; };
		C2B2080317FDA060001DAD23 /* Default@2x.png in Resources */ = {isa = PBXBuildFile; fileRef = C2B2080217FDA060001DAD23 /* Default@2x.png */; };
		C2B2080517FDA060001DAD23 /* Default-568h@2x.png in Resources */ = {isa = PBXBuildFile; fileRef = C2B2080417FDA060001DAD23 /* Default-568h@2x.png */; };
		C2B2080817FDA060001DAD23 /* MainStoryboard_iPhone.storyboard in Resources */ = {isa = PBXBuildFile; fileRef = C2B2080617FDA060001DAD23 /* MainStoryboard_iPhone.storyboard */; };
		C2B2080B17FDA060001DAD23 /* MainStoryboard_iPad.storyboard in Resources */ = {isa = PBXBuildFile; fileRef = C2B2080917FDA060001DAD23 /* MainStoryboard_iPad.storyboard */; };
		C2B2080E17FDA060001DAD23 /* ViewController.m in Sources */ = {isa = PBXBuildFile; fileRef = C2B2080D17FDA060001DAD23 /* ViewController.m */; };
		C2B2081817FDA990001DAD23 /* StudentModel.xcdatamodeld in Sources */ = {isa = PBXBuildFile; fileRef = C2B2081617FDA990001DAD23 /* StudentModel.xcdatamodeld */; };
		C2B2085817FDAF4C001DAD23 /* MagicalImportFunctions.m in Sources */ = {isa = PBXBuildFile; fileRef = C2B2082017FDAF4C001DAD23 /* MagicalImportFunctions.m */; };
		C2B2085917FDAF4C001DAD23 /* NSAttributeDescription+MagicalDataImport.m in Sources */ = {isa = PBXBuildFile; fileRef = C2B2082217FDAF4C001DAD23 /* NSAttributeDescription+MagicalDataImport.m */; };
		C2B2085A17FDAF4C001DAD23 /* NSEntityDescription+MagicalDataImport.m in Sources */ = {isa = PBXBuildFile; fileRef = C2B2082417FDAF4C001DAD23 /* NSEntityDescription+MagicalDataImport.m */; };
		C2B2085B17FDAF4C001DAD23 /* NSNumber+MagicalDataImport.m in Sources */ = {isa = PBXBuildFile; fileRef = C2B2082617FDAF4C001DAD23 /* NSNumber+MagicalDataImport.m */; };
		C2B2085C17FDAF4C001DAD23 /* NSObject+MagicalDataImport.m in Sources */ = {isa = PBXBuildFile; fileRef = C2B2082817FDAF4C001DAD23 /* NSObject+MagicalDataImport.m */; };
		C2B2085D17FDAF4C001DAD23 /* NSRelationshipDescription+MagicalDataImport.m in Sources */ = {isa = PBXBuildFile; fileRef = C2B2082A17FDAF4C001DAD23 /* NSRelationshipDescription+MagicalDataImport.m */; };
		C2B2085E17FDAF4C001DAD23 /* NSString+MagicalDataImport.m in Sources */ = {isa = PBXBuildFile; fileRef = C2B2082C17FDAF4C001DAD23 /* NSString+MagicalDataImport.m */; };
		C2B2085F17FDAF4C001DAD23 /* NSManagedObject+MagicalAggregation.m in Sources */ = {isa = PBXBuildFile; fileRef = C2B2082F17FDAF4C001DAD23 /* NSManagedObject+MagicalAggregation.m */; };
		C2B2086017FDAF4C001DAD23 /* NSManagedObject+MagicalDataImport.m in Sources */ = {isa = PBXBuildFile; fileRef = C2B2083117FDAF4C001DAD23 /* NSManagedObject+MagicalDataImport.m */; };
		C2B2086117FDAF4C001DAD23 /* NSManagedObject+MagicalFinders.m in Sources */ = {isa = PBXBuildFile; fileRef = C2B2083317FDAF4C001DAD23 /* NSManagedObject+MagicalFinders.m */; };
		C2B2086217FDAF4C001DAD23 /* NSManagedObject+MagicalRecord.m in Sources */ = {isa = PBXBuildFile; fileRef = C2B2083517FDAF4C001DAD23 /* NSManagedObject+MagicalRecord.m */; };
		C2B2086317FDAF4C001DAD23 /* NSManagedObject+MagicalRequests.m in Sources */ = {isa = PBXBuildFile; fileRef = C2B2083717FDAF4C001DAD23 /* NSManagedObject+MagicalRequests.m */; };
		C2B2086417FDAF4C001DAD23 /* NSManagedObjectContext+MagicalObserving.m in Sources */ = {isa = PBXBuildFile; fileRef = C2B2083A17FDAF4C001DAD23 /* NSManagedObjectContext+MagicalObserving.m */; };
		C2B2086517FDAF4C001DAD23 /* NSManagedObjectContext+MagicalRecord.m in Sources */ = {isa = PBXBuildFile; fileRef = C2B2083C17FDAF4C001DAD23 /* NSManagedObjectContext+MagicalRecord.m */; };
		C2B2086617FDAF4C001DAD23 /* NSManagedObjectContext+MagicalSaves.m in Sources */ = {isa = PBXBuildFile; fileRef = C2B2083E17FDAF4C001DAD23 /* NSManagedObjectContext+MagicalSaves.m */; };
		C2B2086717FDAF4C001DAD23 /* NSManagedObjectContext+MagicalThreading.m in Sources */ = {isa = PBXBuildFile; fileRef = C2B2084017FDAF4C001DAD23 /* NSManagedObjectContext+MagicalThreading.m */; };
		C2B2086817FDAF4C001DAD23 /* NSManagedObjectModel+MagicalRecord.m in Sources */ = {isa = PBXBuildFile; fileRef = C2B2084217FDAF4C001DAD23 /* NSManagedObjectModel+MagicalRecord.m */; };
		C2B2086917FDAF4C001DAD23 /* NSPersistentStore+MagicalRecord.m in Sources */ = {isa = PBXBuildFile; fileRef = C2B2084417FDAF4C001DAD23 /* NSPersistentStore+MagicalRecord.m */; };
		C2B2086A17FDAF4C001DAD23 /* NSPersistentStoreCoordinator+MagicalRecord.m in Sources */ = {isa = PBXBuildFile; fileRef = C2B2084617FDAF4C001DAD23 /* NSPersistentStoreCoordinator+MagicalRecord.m */; };
		C2B2086B17FDAF4C001DAD23 /* MagicalRecord+Actions.m in Sources */ = {isa = PBXBuildFile; fileRef = C2B2084917FDAF4C001DAD23 /* MagicalRecord+Actions.m */; };
		C2B2086C17FDAF4C001DAD23 /* MagicalRecord+ErrorHandling.m in Sources */ = {isa = PBXBuildFile; fileRef = C2B2084B17FDAF4C001DAD23 /* MagicalRecord+ErrorHandling.m */; };
		C2B2086D17FDAF4C001DAD23 /* MagicalRecord+iCloud.m in Sources */ = {isa = PBXBuildFile; fileRef = C2B2084D17FDAF4C001DAD23 /* MagicalRecord+iCloud.m */; };
		C2B2086E17FDAF4C001DAD23 /* MagicalRecord+Options.m in Sources */ = {isa = PBXBuildFile; fileRef = C2B2084F17FDAF4C001DAD23 /* MagicalRecord+Options.m */; };
		C2B2086F17FDAF4C001DAD23 /* MagicalRecord+Setup.m in Sources */ = {isa = PBXBuildFile; fileRef = C2B2085117FDAF4C001DAD23 /* MagicalRecord+Setup.m */; };
		C2B2087017FDAF4C001DAD23 /* MagicalRecord+ShorthandSupport.m in Sources */ = {isa = PBXBuildFile; fileRef = C2B2085317FDAF4C001DAD23 /* MagicalRecord+ShorthandSupport.m */; };
		C2B2087117FDAF4C001DAD23 /* MagicalRecord.m in Sources */ = {isa = PBXBuildFile; fileRef = C2B2085517FDAF4C001DAD23 /* MagicalRecord.m */; };
		C2B2087317FDAF78001DAD23 /* CoreData.framework in Frameworks */ = {isa = PBXBuildFile; fileRef = C2B2087217FDAF78001DAD23 /* CoreData.framework */; };
		C2B2087D17FDB29D001DAD23 /* TimetableViewController.m in Sources */ = {isa = PBXBuildFile; fileRef = C2B2087C17FDB29D001DAD23 /* TimetableViewController.m */; };
		C2B2088017FDB2AC001DAD23 /* AssessmentsViewController.m in Sources */ = {isa = PBXBuildFile; fileRef = C2B2087F17FDB2AC001DAD23 /* AssessmentsViewController.m */; };
		C2B2088317FDB2BB001DAD23 /* ScheduleViewController.m in Sources */ = {isa = PBXBuildFile; fileRef = C2B2088217FDB2BB001DAD23 /* ScheduleViewController.m */; };
		C2B2088617FDB333001DAD23 /* WAMViewController.m in Sources */ = {isa = PBXBuildFile; fileRef = C2B2088517FDB333001DAD23 /* WAMViewController.m */; };
		C2DDC075180826200075A4BC /* AddSubjectViewController.m in Sources */ = {isa = PBXBuildFile; fileRef = C2DDC074180826200075A4BC /* AddSubjectViewController.m */; };
		D138E792181DCDB500FB9399 /* DK Crayon Crumble.ttf in Resources */ = {isa = PBXBuildFile; fileRef = 949BF11A181D380D00E326B7 /* DK Crayon Crumble.ttf */; };
/* End PBXBuildFile section */

/* Begin PBXFileReference section */
		949BF109181C929300E326B7 /* Chalkboard-background.jpg */ = {isa = PBXFileReference; lastKnownFileType = image.jpeg; path = "Chalkboard-background.jpg"; sourceTree = "<group>"; };
		949BF10E181C9D2900E326B7 /* AssessmentDetailsViewController.h */ = {isa = PBXFileReference; fileEncoding = 4; lastKnownFileType = sourcecode.c.h; path = AssessmentDetailsViewController.h; sourceTree = "<group>"; };
		949BF10F181C9D2900E326B7 /* AssessmentDetailsViewController.m */ = {isa = PBXFileReference; fileEncoding = 4; lastKnownFileType = sourcecode.c.objc; path = AssessmentDetailsViewController.m; sourceTree = "<group>"; };
		949BF111181CF61E00E326B7 /* Session.h */ = {isa = PBXFileReference; fileEncoding = 4; lastKnownFileType = sourcecode.c.h; path = Session.h; sourceTree = "<group>"; };
		949BF112181CF61E00E326B7 /* Session.m */ = {isa = PBXFileReference; fileEncoding = 4; lastKnownFileType = sourcecode.c.objc; path = Session.m; sourceTree = "<group>"; };
		949BF114181D0B1200E326B7 /* CurrentSessionViewController.h */ = {isa = PBXFileReference; fileEncoding = 4; lastKnownFileType = sourcecode.c.h; path = CurrentSessionViewController.h; sourceTree = "<group>"; };
		949BF115181D0B1200E326B7 /* CurrentSessionViewController.m */ = {isa = PBXFileReference; fileEncoding = 4; lastKnownFileType = sourcecode.c.objc; path = CurrentSessionViewController.m; sourceTree = "<group>"; };
		949BF117181D216B00E326B7 /* CurrentSession.h */ = {isa = PBXFileReference; fileEncoding = 4; lastKnownFileType = sourcecode.c.h; path = CurrentSession.h; sourceTree = "<group>"; };
		949BF118181D216B00E326B7 /* CurrentSession.m */ = {isa = PBXFileReference; fileEncoding = 4; lastKnownFileType = sourcecode.c.objc; path = CurrentSession.m; sourceTree = "<group>"; };
		949BF11A181D380D00E326B7 /* DK Crayon Crumble.ttf */ = {isa = PBXFileReference; lastKnownFileType = file; path = "DK Crayon Crumble.ttf"; sourceTree = "<group>"; };
		949BF11B181D3FF700E326B7 /* appbar.calculator-1.png */ = {isa = PBXFileReference; lastKnownFileType = image.png; path = "appbar.calculator-1.png"; sourceTree = "<group>"; };
		949BF11C181D3FF700E326B7 /* appbar.calendar.14-1.png */ = {isa = PBXFileReference; lastKnownFileType = image.png; path = "appbar.calendar.14-1.png"; sourceTree = "<group>"; };
		949BF11D181D3FF700E326B7 /* appbar.checkmark.pencil.png */ = {isa = PBXFileReference; lastKnownFileType = image.png; path = appbar.checkmark.pencil.png; sourceTree = "<group>"; };
		949BF11E181D3FF700E326B7 /* appbar.clipboard-1.png */ = {isa = PBXFileReference; lastKnownFileType = image.png; path = "appbar.clipboard-1.png"; sourceTree = "<group>"; };
		C22A685F1813D48100AFCBDE /* AddAssessmentViewController.h */ = {isa = PBXFileReference; fileEncoding = 4; lastKnownFileType = sourcecode.c.h; path = AddAssessmentViewController.h; sourceTree = "<group>"; };
		C22A68601813D48100AFCBDE /* AddAssessmentViewController.m */ = {isa = PBXFileReference; fileEncoding = 4; lastKnownFileType = sourcecode.c.objc; path = AddAssessmentViewController.m; sourceTree = "<group>"; };
		C22A68621813D51E00AFCBDE /* AddClassViewController.h */ = {isa = PBXFileReference; fileEncoding = 4; lastKnownFileType = sourcecode.c.h; path = AddClassViewController.h; sourceTree = "<group>"; };
		C22A68631813D51E00AFCBDE /* AddClassViewController.m */ = {isa = PBXFileReference; fileEncoding = 4; lastKnownFileType = sourcecode.c.objc; path = AddClassViewController.m; sourceTree = "<group>"; };
		C22A68651813EF3200AFCBDE /* SubjectSelectionViewController.h */ = {isa = PBXFileReference; fileEncoding = 4; lastKnownFileType = sourcecode.c.h; path = SubjectSelectionViewController.h; sourceTree = "<group>"; };
		C22A68661813EF3200AFCBDE /* SubjectSelectionViewController.m */ = {isa = PBXFileReference; fileEncoding = 4; lastKnownFileType = sourcecode.c.objc; path = SubjectSelectionViewController.m; sourceTree = "<group>"; };
		C22A68771813FFE100AFCBDE /* Subjects.h */ = {isa = PBXFileReference; fileEncoding = 4; lastKnownFileType = sourcecode.c.h; path = Subjects.h; sourceTree = "<group>"; };
		C22A68781813FFE100AFCBDE /* Subjects.m */ = {isa = PBXFileReference; fileEncoding = 4; lastKnownFileType = sourcecode.c.objc; path = Subjects.m; sourceTree = "<group>"; };
		C22A687A1813FFE100AFCBDE /* Classes.h */ = {isa = PBXFileReference; fileEncoding = 4; lastKnownFileType = sourcecode.c.h; path = Classes.h; sourceTree = "<group>"; };
		C22A687B1813FFE100AFCBDE /* Classes.m */ = {isa = PBXFileReference; fileEncoding = 4; lastKnownFileType = sourcecode.c.objc; path = Classes.m; sourceTree = "<group>"; };
		C22A687D1814117F00AFCBDE /* SubjectViewController.h */ = {isa = PBXFileReference; fileEncoding = 4; lastKnownFileType = sourcecode.c.h; path = SubjectViewController.h; sourceTree = "<group>"; };
		C22A687E1814117F00AFCBDE /* SubjectViewController.m */ = {isa = PBXFileReference; fileEncoding = 4; lastKnownFileType = sourcecode.c.objc; path = SubjectViewController.m; sourceTree = "<group>"; };
		C22A6880181411B400AFCBDE /* Assessments.h */ = {isa = PBXFileReference; fileEncoding = 4; lastKnownFileType = sourcecode.c.h; path = Assessments.h; sourceTree = "<group>"; };
		C22A6881181411B400AFCBDE /* Assessments.m */ = {isa = PBXFileReference; fileEncoding = 4; lastKnownFileType = sourcecode.c.objc; path = Assessments.m; sourceTree = "<group>"; };
		C2B207EB17FDA060001DAD23 /* studentHelperApp.app */ = {isa = PBXFileReference; explicitFileType = wrapper.application; includeInIndex = 0; path = studentHelperApp.app; sourceTree = BUILT_PRODUCTS_DIR; };
		C2B207EE17FDA060001DAD23 /* UIKit.framework */ = {isa = PBXFileReference; lastKnownFileType = wrapper.framework; name = UIKit.framework; path = System/Library/Frameworks/UIKit.framework; sourceTree = SDKROOT; };
		C2B207F017FDA060001DAD23 /* Foundation.framework */ = {isa = PBXFileReference; lastKnownFileType = wrapper.framework; name = Foundation.framework; path = System/Library/Frameworks/Foundation.framework; sourceTree = SDKROOT; };
		C2B207F217FDA060001DAD23 /* CoreGraphics.framework */ = {isa = PBXFileReference; lastKnownFileType = wrapper.framework; name = CoreGraphics.framework; path = System/Library/Frameworks/CoreGraphics.framework; sourceTree = SDKROOT; };
		C2B207F617FDA060001DAD23 /* studentHelperApp-Info.plist */ = {isa = PBXFileReference; lastKnownFileType = text.plist.xml; path = "studentHelperApp-Info.plist"; sourceTree = "<group>"; };
		C2B207F817FDA060001DAD23 /* en */ = {isa = PBXFileReference; lastKnownFileType = text.plist.strings; name = en; path = en.lproj/InfoPlist.strings; sourceTree = "<group>"; };
		C2B207FA17FDA060001DAD23 /* main.m */ = {isa = PBXFileReference; lastKnownFileType = sourcecode.c.objc; path = main.m; sourceTree = "<group>"; };
		C2B207FC17FDA060001DAD23 /* studentHelperApp-Prefix.pch */ = {isa = PBXFileReference; lastKnownFileType = sourcecode.c.h; path = "studentHelperApp-Prefix.pch"; sourceTree = "<group>"; };
		C2B207FD17FDA060001DAD23 /* AppDelegate.h */ = {isa = PBXFileReference; lastKnownFileType = sourcecode.c.h; path = AppDelegate.h; sourceTree = "<group>"; };
		C2B207FE17FDA060001DAD23 /* AppDelegate.m */ = {isa = PBXFileReference; lastKnownFileType = sourcecode.c.objc; path = AppDelegate.m; sourceTree = "<group>"; };
		C2B2080017FDA060001DAD23 /* Default.png */ = {isa = PBXFileReference; lastKnownFileType = image.png; path = Default.png; sourceTree = "<group>"; };
		C2B2080217FDA060001DAD23 /* Default@2x.png */ = {isa = PBXFileReference; lastKnownFileType = image.png; path = "Default@2x.png"; sourceTree = "<group>"; };
		C2B2080417FDA060001DAD23 /* Default-568h@2x.png */ = {isa = PBXFileReference; lastKnownFileType = image.png; path = "Default-568h@2x.png"; sourceTree = "<group>"; };
		C2B2080717FDA060001DAD23 /* en */ = {isa = PBXFileReference; lastKnownFileType = file.storyboard; name = en; path = en.lproj/MainStoryboard_iPhone.storyboard; sourceTree = "<group>"; };
		C2B2080A17FDA060001DAD23 /* en */ = {isa = PBXFileReference; lastKnownFileType = file.storyboard; name = en; path = en.lproj/MainStoryboard_iPad.storyboard; sourceTree = "<group>"; };
		C2B2080C17FDA060001DAD23 /* ViewController.h */ = {isa = PBXFileReference; lastKnownFileType = sourcecode.c.h; path = ViewController.h; sourceTree = "<group>"; };
		C2B2080D17FDA060001DAD23 /* ViewController.m */ = {isa = PBXFileReference; lastKnownFileType = sourcecode.c.objc; path = ViewController.m; sourceTree = "<group>"; };
		C2B2081717FDA990001DAD23 /* StudentModel.xcdatamodel */ = {isa = PBXFileReference; lastKnownFileType = wrapper.xcdatamodel; path = StudentModel.xcdatamodel; sourceTree = "<group>"; };
		C2B2081F17FDAF4C001DAD23 /* MagicalImportFunctions.h */ = {isa = PBXFileReference; fileEncoding = 4; lastKnownFileType = sourcecode.c.h; path = MagicalImportFunctions.h; sourceTree = "<group>"; };
		C2B2082017FDAF4C001DAD23 /* MagicalImportFunctions.m */ = {isa = PBXFileReference; fileEncoding = 4; lastKnownFileType = sourcecode.c.objc; path = MagicalImportFunctions.m; sourceTree = "<group>"; };
		C2B2082117FDAF4C001DAD23 /* NSAttributeDescription+MagicalDataImport.h */ = {isa = PBXFileReference; fileEncoding = 4; lastKnownFileType = sourcecode.c.h; path = "NSAttributeDescription+MagicalDataImport.h"; sourceTree = "<group>"; };
		C2B2082217FDAF4C001DAD23 /* NSAttributeDescription+MagicalDataImport.m */ = {isa = PBXFileReference; fileEncoding = 4; lastKnownFileType = sourcecode.c.objc; path = "NSAttributeDescription+MagicalDataImport.m"; sourceTree = "<group>"; };
		C2B2082317FDAF4C001DAD23 /* NSEntityDescription+MagicalDataImport.h */ = {isa = PBXFileReference; fileEncoding = 4; lastKnownFileType = sourcecode.c.h; path = "NSEntityDescription+MagicalDataImport.h"; sourceTree = "<group>"; };
		C2B2082417FDAF4C001DAD23 /* NSEntityDescription+MagicalDataImport.m */ = {isa = PBXFileReference; fileEncoding = 4; lastKnownFileType = sourcecode.c.objc; path = "NSEntityDescription+MagicalDataImport.m"; sourceTree = "<group>"; };
		C2B2082517FDAF4C001DAD23 /* NSNumber+MagicalDataImport.h */ = {isa = PBXFileReference; fileEncoding = 4; lastKnownFileType = sourcecode.c.h; path = "NSNumber+MagicalDataImport.h"; sourceTree = "<group>"; };
		C2B2082617FDAF4C001DAD23 /* NSNumber+MagicalDataImport.m */ = {isa = PBXFileReference; fileEncoding = 4; lastKnownFileType = sourcecode.c.objc; path = "NSNumber+MagicalDataImport.m"; sourceTree = "<group>"; };
		C2B2082717FDAF4C001DAD23 /* NSObject+MagicalDataImport.h */ = {isa = PBXFileReference; fileEncoding = 4; lastKnownFileType = sourcecode.c.h; path = "NSObject+MagicalDataImport.h"; sourceTree = "<group>"; };
		C2B2082817FDAF4C001DAD23 /* NSObject+MagicalDataImport.m */ = {isa = PBXFileReference; fileEncoding = 4; lastKnownFileType = sourcecode.c.objc; path = "NSObject+MagicalDataImport.m"; sourceTree = "<group>"; };
		C2B2082917FDAF4C001DAD23 /* NSRelationshipDescription+MagicalDataImport.h */ = {isa = PBXFileReference; fileEncoding = 4; lastKnownFileType = sourcecode.c.h; path = "NSRelationshipDescription+MagicalDataImport.h"; sourceTree = "<group>"; };
		C2B2082A17FDAF4C001DAD23 /* NSRelationshipDescription+MagicalDataImport.m */ = {isa = PBXFileReference; fileEncoding = 4; lastKnownFileType = sourcecode.c.objc; path = "NSRelationshipDescription+MagicalDataImport.m"; sourceTree = "<group>"; };
		C2B2082B17FDAF4C001DAD23 /* NSString+MagicalDataImport.h */ = {isa = PBXFileReference; fileEncoding = 4; lastKnownFileType = sourcecode.c.h; path = "NSString+MagicalDataImport.h"; sourceTree = "<group>"; };
		C2B2082C17FDAF4C001DAD23 /* NSString+MagicalDataImport.m */ = {isa = PBXFileReference; fileEncoding = 4; lastKnownFileType = sourcecode.c.objc; path = "NSString+MagicalDataImport.m"; sourceTree = "<group>"; };
		C2B2082E17FDAF4C001DAD23 /* NSManagedObject+MagicalAggregation.h */ = {isa = PBXFileReference; fileEncoding = 4; lastKnownFileType = sourcecode.c.h; path = "NSManagedObject+MagicalAggregation.h"; sourceTree = "<group>"; };
		C2B2082F17FDAF4C001DAD23 /* NSManagedObject+MagicalAggregation.m */ = {isa = PBXFileReference; fileEncoding = 4; lastKnownFileType = sourcecode.c.objc; path = "NSManagedObject+MagicalAggregation.m"; sourceTree = "<group>"; };
		C2B2083017FDAF4C001DAD23 /* NSManagedObject+MagicalDataImport.h */ = {isa = PBXFileReference; fileEncoding = 4; lastKnownFileType = sourcecode.c.h; path = "NSManagedObject+MagicalDataImport.h"; sourceTree = "<group>"; };
		C2B2083117FDAF4C001DAD23 /* NSManagedObject+MagicalDataImport.m */ = {isa = PBXFileReference; fileEncoding = 4; lastKnownFileType = sourcecode.c.objc; path = "NSManagedObject+MagicalDataImport.m"; sourceTree = "<group>"; };
		C2B2083217FDAF4C001DAD23 /* NSManagedObject+MagicalFinders.h */ = {isa = PBXFileReference; fileEncoding = 4; lastKnownFileType = sourcecode.c.h; path = "NSManagedObject+MagicalFinders.h"; sourceTree = "<group>"; };
		C2B2083317FDAF4C001DAD23 /* NSManagedObject+MagicalFinders.m */ = {isa = PBXFileReference; fileEncoding = 4; lastKnownFileType = sourcecode.c.objc; path = "NSManagedObject+MagicalFinders.m"; sourceTree = "<group>"; };
		C2B2083417FDAF4C001DAD23 /* NSManagedObject+MagicalRecord.h */ = {isa = PBXFileReference; fileEncoding = 4; lastKnownFileType = sourcecode.c.h; path = "NSManagedObject+MagicalRecord.h"; sourceTree = "<group>"; };
		C2B2083517FDAF4C001DAD23 /* NSManagedObject+MagicalRecord.m */ = {isa = PBXFileReference; fileEncoding = 4; lastKnownFileType = sourcecode.c.objc; path = "NSManagedObject+MagicalRecord.m"; sourceTree = "<group>"; };
		C2B2083617FDAF4C001DAD23 /* NSManagedObject+MagicalRequests.h */ = {isa = PBXFileReference; fileEncoding = 4; lastKnownFileType = sourcecode.c.h; path = "NSManagedObject+MagicalRequests.h"; sourceTree = "<group>"; };
		C2B2083717FDAF4C001DAD23 /* NSManagedObject+MagicalRequests.m */ = {isa = PBXFileReference; fileEncoding = 4; lastKnownFileType = sourcecode.c.objc; path = "NSManagedObject+MagicalRequests.m"; sourceTree = "<group>"; };
		C2B2083917FDAF4C001DAD23 /* NSManagedObjectContext+MagicalObserving.h */ = {isa = PBXFileReference; fileEncoding = 4; lastKnownFileType = sourcecode.c.h; path = "NSManagedObjectContext+MagicalObserving.h"; sourceTree = "<group>"; };
		C2B2083A17FDAF4C001DAD23 /* NSManagedObjectContext+MagicalObserving.m */ = {isa = PBXFileReference; fileEncoding = 4; lastKnownFileType = sourcecode.c.objc; path = "NSManagedObjectContext+MagicalObserving.m"; sourceTree = "<group>"; };
		C2B2083B17FDAF4C001DAD23 /* NSManagedObjectContext+MagicalRecord.h */ = {isa = PBXFileReference; fileEncoding = 4; lastKnownFileType = sourcecode.c.h; path = "NSManagedObjectContext+MagicalRecord.h"; sourceTree = "<group>"; };
		C2B2083C17FDAF4C001DAD23 /* NSManagedObjectContext+MagicalRecord.m */ = {isa = PBXFileReference; fileEncoding = 4; lastKnownFileType = sourcecode.c.objc; path = "NSManagedObjectContext+MagicalRecord.m"; sourceTree = "<group>"; };
		C2B2083D17FDAF4C001DAD23 /* NSManagedObjectContext+MagicalSaves.h */ = {isa = PBXFileReference; fileEncoding = 4; lastKnownFileType = sourcecode.c.h; path = "NSManagedObjectContext+MagicalSaves.h"; sourceTree = "<group>"; };
		C2B2083E17FDAF4C001DAD23 /* NSManagedObjectContext+MagicalSaves.m */ = {isa = PBXFileReference; fileEncoding = 4; lastKnownFileType = sourcecode.c.objc; path = "NSManagedObjectContext+MagicalSaves.m"; sourceTree = "<group>"; };
		C2B2083F17FDAF4C001DAD23 /* NSManagedObjectContext+MagicalThreading.h */ = {isa = PBXFileReference; fileEncoding = 4; lastKnownFileType = sourcecode.c.h; path = "NSManagedObjectContext+MagicalThreading.h"; sourceTree = "<group>"; };
		C2B2084017FDAF4C001DAD23 /* NSManagedObjectContext+MagicalThreading.m */ = {isa = PBXFileReference; fileEncoding = 4; lastKnownFileType = sourcecode.c.objc; path = "NSManagedObjectContext+MagicalThreading.m"; sourceTree = "<group>"; };
		C2B2084117FDAF4C001DAD23 /* NSManagedObjectModel+MagicalRecord.h */ = {isa = PBXFileReference; fileEncoding = 4; lastKnownFileType = sourcecode.c.h; path = "NSManagedObjectModel+MagicalRecord.h"; sourceTree = "<group>"; };
		C2B2084217FDAF4C001DAD23 /* NSManagedObjectModel+MagicalRecord.m */ = {isa = PBXFileReference; fileEncoding = 4; lastKnownFileType = sourcecode.c.objc; path = "NSManagedObjectModel+MagicalRecord.m"; sourceTree = "<group>"; };
		C2B2084317FDAF4C001DAD23 /* NSPersistentStore+MagicalRecord.h */ = {isa = PBXFileReference; fileEncoding = 4; lastKnownFileType = sourcecode.c.h; path = "NSPersistentStore+MagicalRecord.h"; sourceTree = "<group>"; };
		C2B2084417FDAF4C001DAD23 /* NSPersistentStore+MagicalRecord.m */ = {isa = PBXFileReference; fileEncoding = 4; lastKnownFileType = sourcecode.c.objc; path = "NSPersistentStore+MagicalRecord.m"; sourceTree = "<group>"; };
		C2B2084517FDAF4C001DAD23 /* NSPersistentStoreCoordinator+MagicalRecord.h */ = {isa = PBXFileReference; fileEncoding = 4; lastKnownFileType = sourcecode.c.h; path = "NSPersistentStoreCoordinator+MagicalRecord.h"; sourceTree = "<group>"; };
		C2B2084617FDAF4C001DAD23 /* NSPersistentStoreCoordinator+MagicalRecord.m */ = {isa = PBXFileReference; fileEncoding = 4; lastKnownFileType = sourcecode.c.objc; path = "NSPersistentStoreCoordinator+MagicalRecord.m"; sourceTree = "<group>"; };
		C2B2084817FDAF4C001DAD23 /* MagicalRecord+Actions.h */ = {isa = PBXFileReference; fileEncoding = 4; lastKnownFileType = sourcecode.c.h; path = "MagicalRecord+Actions.h"; sourceTree = "<group>"; };
		C2B2084917FDAF4C001DAD23 /* MagicalRecord+Actions.m */ = {isa = PBXFileReference; fileEncoding = 4; lastKnownFileType = sourcecode.c.objc; path = "MagicalRecord+Actions.m"; sourceTree = "<group>"; };
		C2B2084A17FDAF4C001DAD23 /* MagicalRecord+ErrorHandling.h */ = {isa = PBXFileReference; fileEncoding = 4; lastKnownFileType = sourcecode.c.h; path = "MagicalRecord+ErrorHandling.h"; sourceTree = "<group>"; };
		C2B2084B17FDAF4C001DAD23 /* MagicalRecord+ErrorHandling.m */ = {isa = PBXFileReference; fileEncoding = 4; lastKnownFileType = sourcecode.c.objc; path = "MagicalRecord+ErrorHandling.m"; sourceTree = "<group>"; };
		C2B2084C17FDAF4C001DAD23 /* MagicalRecord+iCloud.h */ = {isa = PBXFileReference; fileEncoding = 4; lastKnownFileType = sourcecode.c.h; path = "MagicalRecord+iCloud.h"; sourceTree = "<group>"; };
		C2B2084D17FDAF4C001DAD23 /* MagicalRecord+iCloud.m */ = {isa = PBXFileReference; fileEncoding = 4; lastKnownFileType = sourcecode.c.objc; path = "MagicalRecord+iCloud.m"; sourceTree = "<group>"; };
		C2B2084E17FDAF4C001DAD23 /* MagicalRecord+Options.h */ = {isa = PBXFileReference; fileEncoding = 4; lastKnownFileType = sourcecode.c.h; path = "MagicalRecord+Options.h"; sourceTree = "<group>"; };
		C2B2084F17FDAF4C001DAD23 /* MagicalRecord+Options.m */ = {isa = PBXFileReference; fileEncoding = 4; lastKnownFileType = sourcecode.c.objc; path = "MagicalRecord+Options.m"; sourceTree = "<group>"; };
		C2B2085017FDAF4C001DAD23 /* MagicalRecord+Setup.h */ = {isa = PBXFileReference; fileEncoding = 4; lastKnownFileType = sourcecode.c.h; path = "MagicalRecord+Setup.h"; sourceTree = "<group>"; };
		C2B2085117FDAF4C001DAD23 /* MagicalRecord+Setup.m */ = {isa = PBXFileReference; fileEncoding = 4; lastKnownFileType = sourcecode.c.objc; path = "MagicalRecord+Setup.m"; sourceTree = "<group>"; };
		C2B2085217FDAF4C001DAD23 /* MagicalRecord+ShorthandSupport.h */ = {isa = PBXFileReference; fileEncoding = 4; lastKnownFileType = sourcecode.c.h; path = "MagicalRecord+ShorthandSupport.h"; sourceTree = "<group>"; };
		C2B2085317FDAF4C001DAD23 /* MagicalRecord+ShorthandSupport.m */ = {isa = PBXFileReference; fileEncoding = 4; lastKnownFileType = sourcecode.c.objc; path = "MagicalRecord+ShorthandSupport.m"; sourceTree = "<group>"; };
		C2B2085417FDAF4C001DAD23 /* MagicalRecord.h */ = {isa = PBXFileReference; fileEncoding = 4; lastKnownFileType = sourcecode.c.h; path = MagicalRecord.h; sourceTree = "<group>"; };
		C2B2085517FDAF4C001DAD23 /* MagicalRecord.m */ = {isa = PBXFileReference; fileEncoding = 4; lastKnownFileType = sourcecode.c.objc; path = MagicalRecord.m; sourceTree = "<group>"; };
		C2B2085617FDAF4C001DAD23 /* MagicalRecordShorthand.h */ = {isa = PBXFileReference; fileEncoding = 4; lastKnownFileType = sourcecode.c.h; path = MagicalRecordShorthand.h; sourceTree = "<group>"; };
		C2B2085717FDAF4C001DAD23 /* CoreData+MagicalRecord.h */ = {isa = PBXFileReference; fileEncoding = 4; lastKnownFileType = sourcecode.c.h; path = "CoreData+MagicalRecord.h"; sourceTree = "<group>"; };
		C2B2087217FDAF78001DAD23 /* CoreData.framework */ = {isa = PBXFileReference; lastKnownFileType = wrapper.framework; name = CoreData.framework; path = System/Library/Frameworks/CoreData.framework; sourceTree = SDKROOT; };
		C2B2087B17FDB29D001DAD23 /* TimetableViewController.h */ = {isa = PBXFileReference; fileEncoding = 4; lastKnownFileType = sourcecode.c.h; path = TimetableViewController.h; sourceTree = "<group>"; };
		C2B2087C17FDB29D001DAD23 /* TimetableViewController.m */ = {isa = PBXFileReference; fileEncoding = 4; lastKnownFileType = sourcecode.c.objc; path = TimetableViewController.m; sourceTree = "<group>"; };
		C2B2087E17FDB2AC001DAD23 /* AssessmentsViewController.h */ = {isa = PBXFileReference; fileEncoding = 4; lastKnownFileType = sourcecode.c.h; path = AssessmentsViewController.h; sourceTree = "<group>"; };
		C2B2087F17FDB2AC001DAD23 /* AssessmentsViewController.m */ = {isa = PBXFileReference; fileEncoding = 4; lastKnownFileType = sourcecode.c.objc; path = AssessmentsViewController.m; sourceTree = "<group>"; };
		C2B2088117FDB2BB001DAD23 /* ScheduleViewController.h */ = {isa = PBXFileReference; fileEncoding = 4; lastKnownFileType = sourcecode.c.h; path = ScheduleViewController.h; sourceTree = "<group>"; };
		C2B2088217FDB2BB001DAD23 /* ScheduleViewController.m */ = {isa = PBXFileReference; fileEncoding = 4; lastKnownFileType = sourcecode.c.objc; path = ScheduleViewController.m; sourceTree = "<group>"; };
		C2B2088417FDB333001DAD23 /* WAMViewController.h */ = {isa = PBXFileReference; fileEncoding = 4; lastKnownFileType = sourcecode.c.h; path = WAMViewController.h; sourceTree = "<group>"; };
		C2B2088517FDB333001DAD23 /* WAMViewController.m */ = {isa = PBXFileReference; fileEncoding = 4; lastKnownFileType = sourcecode.c.objc; path = WAMViewController.m; sourceTree = "<group>"; };
		C2DDC073180826200075A4BC /* AddSubjectViewController.h */ = {isa = PBXFileReference; fileEncoding = 4; lastKnownFileType = sourcecode.c.h; path = AddSubjectViewController.h; sourceTree = "<group>"; };
		C2DDC074180826200075A4BC /* AddSubjectViewController.m */ = {isa = PBXFileReference; fileEncoding = 4; lastKnownFileType = sourcecode.c.objc; path = AddSubjectViewController.m; sourceTree = "<group>"; };
/* End PBXFileReference section */

/* Begin PBXFrameworksBuildPhase section */
		C2B207E817FDA060001DAD23 /* Frameworks */ = {
			isa = PBXFrameworksBuildPhase;
			buildActionMask = 2147483647;
			files = (
				C2B2087317FDAF78001DAD23 /* CoreData.framework in Frameworks */,
				C2B207EF17FDA060001DAD23 /* UIKit.framework in Frameworks */,
				C2B207F117FDA060001DAD23 /* Foundation.framework in Frameworks */,
				C2B207F317FDA060001DAD23 /* CoreGraphics.framework in Frameworks */,
			);
			runOnlyForDeploymentPostprocessing = 0;
		};
/* End PBXFrameworksBuildPhase section */

/* Begin PBXGroup section */
		C2B207E217FDA060001DAD23 = {
			isa = PBXGroup;
			children = (
				C2B2087A17FDB0A9001DAD23 /* Core Data Models */,
				C2B2081C17FDAF4C001DAD23 /* MagicalRecord */,
				C2B2081517FDA735001DAD23 /* View Controllers */,
				C2B207F417FDA060001DAD23 /* studentHelperApp */,
				C2B207ED17FDA060001DAD23 /* Frameworks */,
				C2B207EC17FDA060001DAD23 /* Products */,
			);
			sourceTree = "<group>";
		};
		C2B207EC17FDA060001DAD23 /* Products */ = {
			isa = PBXGroup;
			children = (
				C2B207EB17FDA060001DAD23 /* studentHelperApp.app */,
			);
			name = Products;
			sourceTree = "<group>";
		};
		C2B207ED17FDA060001DAD23 /* Frameworks */ = {
			isa = PBXGroup;
			children = (
				C2B2087217FDAF78001DAD23 /* CoreData.framework */,
				C2B207EE17FDA060001DAD23 /* UIKit.framework */,
				C2B207F017FDA060001DAD23 /* Foundation.framework */,
				C2B207F217FDA060001DAD23 /* CoreGraphics.framework */,
			);
			name = Frameworks;
			sourceTree = "<group>";
		};
		C2B207F417FDA060001DAD23 /* studentHelperApp */ = {
			isa = PBXGroup;
			children = (
				C2B207FD17FDA060001DAD23 /* AppDelegate.h */,
				C2B207FE17FDA060001DAD23 /* AppDelegate.m */,
				C2B2080617FDA060001DAD23 /* MainStoryboard_iPhone.storyboard */,
				C2B2080917FDA060001DAD23 /* MainStoryboard_iPad.storyboard */,
				C2B2080C17FDA060001DAD23 /* ViewController.h */,
				C2B2080D17FDA060001DAD23 /* ViewController.m */,
				C2B207F517FDA060001DAD23 /* Supporting Files */,
			);
			path = studentHelperApp;
			sourceTree = "<group>";
		};
		C2B207F517FDA060001DAD23 /* Supporting Files */ = {
			isa = PBXGroup;
			children = (
				949BF11A181D380D00E326B7 /* DK Crayon Crumble.ttf */,
				949BF11B181D3FF700E326B7 /* appbar.calculator-1.png */,
				949BF11C181D3FF700E326B7 /* appbar.calendar.14-1.png */,
				949BF11D181D3FF700E326B7 /* appbar.checkmark.pencil.png */,
				949BF11E181D3FF700E326B7 /* appbar.clipboard-1.png */,
				949BF109181C929300E326B7 /* Chalkboard-background.jpg */,
				C2B207F617FDA060001DAD23 /* studentHelperApp-Info.plist */,
				C2B207F717FDA060001DAD23 /* InfoPlist.strings */,
				C2B207FA17FDA060001DAD23 /* main.m */,
				C2B207FC17FDA060001DAD23 /* studentHelperApp-Prefix.pch */,
				C2B2080017FDA060001DAD23 /* Default.png */,
				C2B2080217FDA060001DAD23 /* Default@2x.png */,
				C2B2080417FDA060001DAD23 /* Default-568h@2x.png */,
			);
			name = "Supporting Files";
			sourceTree = "<group>";
		};
		C2B2081517FDA735001DAD23 /* View Controllers */ = {
			isa = PBXGroup;
			children = (
				C22A687D1814117F00AFCBDE /* SubjectViewController.h */,
				C22A687E1814117F00AFCBDE /* SubjectViewController.m */,
				C2B2087B17FDB29D001DAD23 /* TimetableViewController.h */,
				C2B2087C17FDB29D001DAD23 /* TimetableViewController.m */,
				C2B2087E17FDB2AC001DAD23 /* AssessmentsViewController.h */,
				C2B2087F17FDB2AC001DAD23 /* AssessmentsViewController.m */,
				C2B2088117FDB2BB001DAD23 /* ScheduleViewController.h */,
				C2B2088217FDB2BB001DAD23 /* ScheduleViewController.m */,
				C2B2088417FDB333001DAD23 /* WAMViewController.h */,
				C2B2088517FDB333001DAD23 /* WAMViewController.m */,
				C2DDC073180826200075A4BC /* AddSubjectViewController.h */,
				C2DDC074180826200075A4BC /* AddSubjectViewController.m */,
				C22A685F1813D48100AFCBDE /* AddAssessmentViewController.h */,
				C22A68601813D48100AFCBDE /* AddAssessmentViewController.m */,
				C22A68621813D51E00AFCBDE /* AddClassViewController.h */,
				C22A68631813D51E00AFCBDE /* AddClassViewController.m */,
				C22A68651813EF3200AFCBDE /* SubjectSelectionViewController.h */,
				C22A68661813EF3200AFCBDE /* SubjectSelectionViewController.m */,
				949BF10E181C9D2900E326B7 /* AssessmentDetailsViewController.h */,
				949BF10F181C9D2900E326B7 /* AssessmentDetailsViewController.m */,
				949BF114181D0B1200E326B7 /* CurrentSessionViewController.h */,
				949BF115181D0B1200E326B7 /* CurrentSessionViewController.m */,
			);
			name = "View Controllers";
			sourceTree = "<group>";
		};
		C2B2081C17FDAF4C001DAD23 /* MagicalRecord */ = {
			isa = PBXGroup;
			children = (
				C2B2081D17FDAF4C001DAD23 /* Categories */,
				C2B2084717FDAF4C001DAD23 /* Core */,
				C2B2085717FDAF4C001DAD23 /* CoreData+MagicalRecord.h */,
			);
			path = MagicalRecord;
			sourceTree = "<group>";
		};
		C2B2081D17FDAF4C001DAD23 /* Categories */ = {
			isa = PBXGroup;
			children = (
				C2B2081E17FDAF4C001DAD23 /* DataImport */,
				C2B2082D17FDAF4C001DAD23 /* NSManagedObject */,
				C2B2083817FDAF4C001DAD23 /* NSManagedObjectContext */,
				C2B2084117FDAF4C001DAD23 /* NSManagedObjectModel+MagicalRecord.h */,
				C2B2084217FDAF4C001DAD23 /* NSManagedObjectModel+MagicalRecord.m */,
				C2B2084317FDAF4C001DAD23 /* NSPersistentStore+MagicalRecord.h */,
				C2B2084417FDAF4C001DAD23 /* NSPersistentStore+MagicalRecord.m */,
				C2B2084517FDAF4C001DAD23 /* NSPersistentStoreCoordinator+MagicalRecord.h */,
				C2B2084617FDAF4C001DAD23 /* NSPersistentStoreCoordinator+MagicalRecord.m */,
			);
			path = Categories;
			sourceTree = "<group>";
		};
		C2B2081E17FDAF4C001DAD23 /* DataImport */ = {
			isa = PBXGroup;
			children = (
				C2B2081F17FDAF4C001DAD23 /* MagicalImportFunctions.h */,
				C2B2082017FDAF4C001DAD23 /* MagicalImportFunctions.m */,
				C2B2082117FDAF4C001DAD23 /* NSAttributeDescription+MagicalDataImport.h */,
				C2B2082217FDAF4C001DAD23 /* NSAttributeDescription+MagicalDataImport.m */,
				C2B2082317FDAF4C001DAD23 /* NSEntityDescription+MagicalDataImport.h */,
				C2B2082417FDAF4C001DAD23 /* NSEntityDescription+MagicalDataImport.m */,
				C2B2082517FDAF4C001DAD23 /* NSNumber+MagicalDataImport.h */,
				C2B2082617FDAF4C001DAD23 /* NSNumber+MagicalDataImport.m */,
				C2B2082717FDAF4C001DAD23 /* NSObject+MagicalDataImport.h */,
				C2B2082817FDAF4C001DAD23 /* NSObject+MagicalDataImport.m */,
				C2B2082917FDAF4C001DAD23 /* NSRelationshipDescription+MagicalDataImport.h */,
				C2B2082A17FDAF4C001DAD23 /* NSRelationshipDescription+MagicalDataImport.m */,
				C2B2082B17FDAF4C001DAD23 /* NSString+MagicalDataImport.h */,
				C2B2082C17FDAF4C001DAD23 /* NSString+MagicalDataImport.m */,
			);
			path = DataImport;
			sourceTree = "<group>";
		};
		C2B2082D17FDAF4C001DAD23 /* NSManagedObject */ = {
			isa = PBXGroup;
			children = (
				C2B2082E17FDAF4C001DAD23 /* NSManagedObject+MagicalAggregation.h */,
				C2B2082F17FDAF4C001DAD23 /* NSManagedObject+MagicalAggregation.m */,
				C2B2083017FDAF4C001DAD23 /* NSManagedObject+MagicalDataImport.h */,
				C2B2083117FDAF4C001DAD23 /* NSManagedObject+MagicalDataImport.m */,
				C2B2083217FDAF4C001DAD23 /* NSManagedObject+MagicalFinders.h */,
				C2B2083317FDAF4C001DAD23 /* NSManagedObject+MagicalFinders.m */,
				C2B2083417FDAF4C001DAD23 /* NSManagedObject+MagicalRecord.h */,
				C2B2083517FDAF4C001DAD23 /* NSManagedObject+MagicalRecord.m */,
				C2B2083617FDAF4C001DAD23 /* NSManagedObject+MagicalRequests.h */,
				C2B2083717FDAF4C001DAD23 /* NSManagedObject+MagicalRequests.m */,
			);
			path = NSManagedObject;
			sourceTree = "<group>";
		};
		C2B2083817FDAF4C001DAD23 /* NSManagedObjectContext */ = {
			isa = PBXGroup;
			children = (
				C2B2083917FDAF4C001DAD23 /* NSManagedObjectContext+MagicalObserving.h */,
				C2B2083A17FDAF4C001DAD23 /* NSManagedObjectContext+MagicalObserving.m */,
				C2B2083B17FDAF4C001DAD23 /* NSManagedObjectContext+MagicalRecord.h */,
				C2B2083C17FDAF4C001DAD23 /* NSManagedObjectContext+MagicalRecord.m */,
				C2B2083D17FDAF4C001DAD23 /* NSManagedObjectContext+MagicalSaves.h */,
				C2B2083E17FDAF4C001DAD23 /* NSManagedObjectContext+MagicalSaves.m */,
				C2B2083F17FDAF4C001DAD23 /* NSManagedObjectContext+MagicalThreading.h */,
				C2B2084017FDAF4C001DAD23 /* NSManagedObjectContext+MagicalThreading.m */,
			);
			path = NSManagedObjectContext;
			sourceTree = "<group>";
		};
		C2B2084717FDAF4C001DAD23 /* Core */ = {
			isa = PBXGroup;
			children = (
				C2B2084817FDAF4C001DAD23 /* MagicalRecord+Actions.h */,
				C2B2084917FDAF4C001DAD23 /* MagicalRecord+Actions.m */,
				C2B2084A17FDAF4C001DAD23 /* MagicalRecord+ErrorHandling.h */,
				C2B2084B17FDAF4C001DAD23 /* MagicalRecord+ErrorHandling.m */,
				C2B2084C17FDAF4C001DAD23 /* MagicalRecord+iCloud.h */,
				C2B2084D17FDAF4C001DAD23 /* MagicalRecord+iCloud.m */,
				C2B2084E17FDAF4C001DAD23 /* MagicalRecord+Options.h */,
				C2B2084F17FDAF4C001DAD23 /* MagicalRecord+Options.m */,
				C2B2085017FDAF4C001DAD23 /* MagicalRecord+Setup.h */,
				C2B2085117FDAF4C001DAD23 /* MagicalRecord+Setup.m */,
				C2B2085217FDAF4C001DAD23 /* MagicalRecord+ShorthandSupport.h */,
				C2B2085317FDAF4C001DAD23 /* MagicalRecord+ShorthandSupport.m */,
				C2B2085417FDAF4C001DAD23 /* MagicalRecord.h */,
				C2B2085517FDAF4C001DAD23 /* MagicalRecord.m */,
				C2B2085617FDAF4C001DAD23 /* MagicalRecordShorthand.h */,
			);
			path = Core;
			sourceTree = "<group>";
		};
		C2B2087A17FDB0A9001DAD23 /* Core Data Models */ = {
			isa = PBXGroup;
			children = (
				C2B2081617FDA990001DAD23 /* StudentModel.xcdatamodeld */,
				C22A687A1813FFE100AFCBDE /* Classes.h */,
				C22A687B1813FFE100AFCBDE /* Classes.m */,
				C22A68771813FFE100AFCBDE /* Subjects.h */,
				C22A68781813FFE100AFCBDE /* Subjects.m */,
				C22A6880181411B400AFCBDE /* Assessments.h */,
				C22A6881181411B400AFCBDE /* Assessments.m */,
				949BF111181CF61E00E326B7 /* Session.h */,
				949BF112181CF61E00E326B7 /* Session.m */,
				949BF117181D216B00E326B7 /* CurrentSession.h */,
				949BF118181D216B00E326B7 /* CurrentSession.m */,
			);
			name = "Core Data Models";
			sourceTree = "<group>";
		};
/* End PBXGroup section */

/* Begin PBXNativeTarget section */
		C2B207EA17FDA060001DAD23 /* studentHelperApp */ = {
			isa = PBXNativeTarget;
			buildConfigurationList = C2B2081117FDA060001DAD23 /* Build configuration list for PBXNativeTarget "studentHelperApp" */;
			buildPhases = (
				C2B207E717FDA060001DAD23 /* Sources */,
				C2B207E817FDA060001DAD23 /* Frameworks */,
				C2B207E917FDA060001DAD23 /* Resources */,
			);
			buildRules = (
			);
			dependencies = (
			);
			name = studentHelperApp;
			productName = studentHelperApp;
			productReference = C2B207EB17FDA060001DAD23 /* studentHelperApp.app */;
			productType = "com.apple.product-type.application";
		};
/* End PBXNativeTarget section */

/* Begin PBXProject section */
		C2B207E317FDA060001DAD23 /* Project object */ = {
			isa = PBXProject;
			attributes = {
				LastUpgradeCheck = 0460;
				ORGANIZATIONNAME = gf99rjda640;
			};
			buildConfigurationList = C2B207E617FDA060001DAD23 /* Build configuration list for PBXProject "studentHelperApp" */;
			compatibilityVersion = "Xcode 3.2";
			developmentRegion = English;
			hasScannedForEncodings = 0;
			knownRegions = (
				en,
			);
			mainGroup = C2B207E217FDA060001DAD23;
			productRefGroup = C2B207EC17FDA060001DAD23 /* Products */;
			projectDirPath = "";
			projectRoot = "";
			targets = (
				C2B207EA17FDA060001DAD23 /* studentHelperApp */,
			);
		};
/* End PBXProject section */

/* Begin PBXResourcesBuildPhase section */
		C2B207E917FDA060001DAD23 /* Resources */ = {
			isa = PBXResourcesBuildPhase;
			buildActionMask = 2147483647;
			files = (
				C2B207F917FDA060001DAD23 /* InfoPlist.strings in Resources */,
				C2B2080117FDA060001DAD23 /* Default.png in Resources */,
				C2B2080317FDA060001DAD23 /* Default@2x.png in Resources */,
				C2B2080517FDA060001DAD23 /* Default-568h@2x.png in Resources */,
				C2B2080817FDA060001DAD23 /* MainStoryboard_iPhone.storyboard in Resources */,
				C2B2080B17FDA060001DAD23 /* MainStoryboard_iPad.storyboard in Resources */,
				949BF10A181C929300E326B7 /* Chalkboard-background.jpg in Resources */,
				949BF11F181D3FF700E326B7 /* appbar.calculator-1.png in Resources */,
				949BF120181D3FF700E326B7 /* appbar.calendar.14-1.png in Resources */,
				949BF121181D3FF700E326B7 /* appbar.checkmark.pencil.png in Resources */,
				949BF122181D3FF700E326B7 /* appbar.clipboard-1.png in Resources */,
				D138E792181DCDB500FB9399 /* DK Crayon Crumble.ttf in Resources */,
			);
			runOnlyForDeploymentPostprocessing = 0;
		};
/* End PBXResourcesBuildPhase section */

/* Begin PBXSourcesBuildPhase section */
		C2B207E717FDA060001DAD23 /* Sources */ = {
			isa = PBXSourcesBuildPhase;
			buildActionMask = 2147483647;
			files = (
				C2B207FB17FDA060001DAD23 /* main.m in Sources */,
				C2B207FF17FDA060001DAD23 /* AppDelegate.m in Sources */,
				C2B2080E17FDA060001DAD23 /* ViewController.m in Sources */,
				C2B2081817FDA990001DAD23 /* StudentModel.xcdatamodeld in Sources */,
				C2B2085817FDAF4C001DAD23 /* MagicalImportFunctions.m in Sources */,
				C2B2085917FDAF4C001DAD23 /* NSAttributeDescription+MagicalDataImport.m in Sources */,
				C2B2085A17FDAF4C001DAD23 /* NSEntityDescription+MagicalDataImport.m in Sources */,
				C2B2085B17FDAF4C001DAD23 /* NSNumber+MagicalDataImport.m in Sources */,
				C2B2085C17FDAF4C001DAD23 /* NSObject+MagicalDataImport.m in Sources */,
				C2B2085D17FDAF4C001DAD23 /* NSRelationshipDescription+MagicalDataImport.m in Sources */,
				C2B2085E17FDAF4C001DAD23 /* NSString+MagicalDataImport.m in Sources */,
				C2B2085F17FDAF4C001DAD23 /* NSManagedObject+MagicalAggregation.m in Sources */,
				C2B2086017FDAF4C001DAD23 /* NSManagedObject+MagicalDataImport.m in Sources */,
				C2B2086117FDAF4C001DAD23 /* NSManagedObject+MagicalFinders.m in Sources */,
				C2B2086217FDAF4C001DAD23 /* NSManagedObject+MagicalRecord.m in Sources */,
				C2B2086317FDAF4C001DAD23 /* NSManagedObject+MagicalRequests.m in Sources */,
				C2B2086417FDAF4C001DAD23 /* NSManagedObjectContext+MagicalObserving.m in Sources */,
				C2B2086517FDAF4C001DAD23 /* NSManagedObjectContext+MagicalRecord.m in Sources */,
				C2B2086617FDAF4C001DAD23 /* NSManagedObjectContext+MagicalSaves.m in Sources */,
				C2B2086717FDAF4C001DAD23 /* NSManagedObjectContext+MagicalThreading.m in Sources */,
				C2B2086817FDAF4C001DAD23 /* NSManagedObjectModel+MagicalRecord.m in Sources */,
				C2B2086917FDAF4C001DAD23 /* NSPersistentStore+MagicalRecord.m in Sources */,
				C2B2086A17FDAF4C001DAD23 /* NSPersistentStoreCoordinator+MagicalRecord.m in Sources */,
				C2B2086B17FDAF4C001DAD23 /* MagicalRecord+Actions.m in Sources */,
				C2B2086C17FDAF4C001DAD23 /* MagicalRecord+ErrorHandling.m in Sources */,
				C2B2086D17FDAF4C001DAD23 /* MagicalRecord+iCloud.m in Sources */,
				C2B2086E17FDAF4C001DAD23 /* MagicalRecord+Options.m in Sources */,
				C2B2086F17FDAF4C001DAD23 /* MagicalRecord+Setup.m in Sources */,
				C2B2087017FDAF4C001DAD23 /* MagicalRecord+ShorthandSupport.m in Sources */,
				C2B2087117FDAF4C001DAD23 /* MagicalRecord.m in Sources */,
				C2B2087D17FDB29D001DAD23 /* TimetableViewController.m in Sources */,
				C2B2088017FDB2AC001DAD23 /* AssessmentsViewController.m in Sources */,
				C2B2088317FDB2BB001DAD23 /* ScheduleViewController.m in Sources */,
				C2B2088617FDB333001DAD23 /* WAMViewController.m in Sources */,
				C2DDC075180826200075A4BC /* AddSubjectViewController.m in Sources */,
				C22A68611813D48100AFCBDE /* AddAssessmentViewController.m in Sources */,
				C22A68641813D51E00AFCBDE /* AddClassViewController.m in Sources */,
				C22A68671813EF3200AFCBDE /* SubjectSelectionViewController.m in Sources */,
				C22A68791813FFE100AFCBDE /* Subjects.m in Sources */,
				C22A687C1813FFE100AFCBDE /* Classes.m in Sources */,
				C22A687F1814117F00AFCBDE /* SubjectViewController.m in Sources */,
				C22A6882181411B400AFCBDE /* Assessments.m in Sources */,
				949BF110181C9D2900E326B7 /* AssessmentDetailsViewController.m in Sources */,
				949BF113181CF61E00E326B7 /* Session.m in Sources */,
				949BF116181D0B1300E326B7 /* CurrentSessionViewController.m in Sources */,
				949BF119181D216B00E326B7 /* CurrentSession.m in Sources */,
			);
			runOnlyForDeploymentPostprocessing = 0;
		};
/* End PBXSourcesBuildPhase section */

/* Begin PBXVariantGroup section */
		C2B207F717FDA060001DAD23 /* InfoPlist.strings */ = {
			isa = PBXVariantGroup;
			children = (
				C2B207F817FDA060001DAD23 /* en */,
			);
			name = InfoPlist.strings;
			sourceTree = "<group>";
		};
		C2B2080617FDA060001DAD23 /* MainStoryboard_iPhone.storyboard */ = {
			isa = PBXVariantGroup;
			children = (
				C2B2080717FDA060001DAD23 /* en */,
			);
			name = MainStoryboard_iPhone.storyboard;
			sourceTree = "<group>";
		};
		C2B2080917FDA060001DAD23 /* MainStoryboard_iPad.storyboard */ = {
			isa = PBXVariantGroup;
			children = (
				C2B2080A17FDA060001DAD23 /* en */,
			);
			name = MainStoryboard_iPad.storyboard;
			sourceTree = "<group>";
		};
/* End PBXVariantGroup section */

/* Begin XCBuildConfiguration section */
		C2B2080F17FDA060001DAD23 /* Debug */ = {
			isa = XCBuildConfiguration;
			buildSettings = {
				ALWAYS_SEARCH_USER_PATHS = NO;
				CLANG_CXX_LANGUAGE_STANDARD = "gnu++0x";
				CLANG_CXX_LIBRARY = "libc++";
				CLANG_ENABLE_OBJC_ARC = YES;
				CLANG_WARN_CONSTANT_CONVERSION = YES;
				CLANG_WARN_EMPTY_BODY = YES;
				CLANG_WARN_ENUM_CONVERSION = YES;
				CLANG_WARN_INT_CONVERSION = YES;
				CLANG_WARN__DUPLICATE_METHOD_MATCH = YES;
				"CODE_SIGN_IDENTITY[sdk=iphoneos*]" = "iPhone Developer";
				COPY_PHASE_STRIP = NO;
				GCC_C_LANGUAGE_STANDARD = gnu99;
				GCC_DYNAMIC_NO_PIC = NO;
				GCC_OPTIMIZATION_LEVEL = 0;
				GCC_PREPROCESSOR_DEFINITIONS = (
					"DEBUG=1",
					"$(inherited)",
				);
				GCC_SYMBOLS_PRIVATE_EXTERN = NO;
				GCC_WARN_ABOUT_RETURN_TYPE = YES;
				GCC_WARN_UNINITIALIZED_AUTOS = YES;
				GCC_WARN_UNUSED_VARIABLE = YES;
				IPHONEOS_DEPLOYMENT_TARGET = 6.1;
				ONLY_ACTIVE_ARCH = YES;
				SDKROOT = iphoneos;
				TARGETED_DEVICE_FAMILY = "1,2";
			};
			name = Debug;
		};
		C2B2081017FDA060001DAD23 /* Release */ = {
			isa = XCBuildConfiguration;
			buildSettings = {
				ALWAYS_SEARCH_USER_PATHS = NO;
				CLANG_CXX_LANGUAGE_STANDARD = "gnu++0x";
				CLANG_CXX_LIBRARY = "libc++";
				CLANG_ENABLE_OBJC_ARC = YES;
				CLANG_WARN_CONSTANT_CONVERSION = YES;
				CLANG_WARN_EMPTY_BODY = YES;
				CLANG_WARN_ENUM_CONVERSION = YES;
				CLANG_WARN_INT_CONVERSION = YES;
				CLANG_WARN__DUPLICATE_METHOD_MATCH = YES;
				"CODE_SIGN_IDENTITY[sdk=iphoneos*]" = "iPhone Developer";
				COPY_PHASE_STRIP = YES;
				GCC_C_LANGUAGE_STANDARD = gnu99;
				GCC_WARN_ABOUT_RETURN_TYPE = YES;
				GCC_WARN_UNINITIALIZED_AUTOS = YES;
				GCC_WARN_UNUSED_VARIABLE = YES;
				IPHONEOS_DEPLOYMENT_TARGET = 6.1;
				OTHER_CFLAGS = "-DNS_BLOCK_ASSERTIONS=1";
				SDKROOT = iphoneos;
				TARGETED_DEVICE_FAMILY = "1,2";
				VALIDATE_PRODUCT = YES;
			};
			name = Release;
		};
		C2B2081217FDA060001DAD23 /* Debug */ = {
			isa = XCBuildConfiguration;
			buildSettings = {
				GCC_PRECOMPILE_PREFIX_HEADER = YES;
				GCC_PREFIX_HEADER = "studentHelperApp/studentHelperApp-Prefix.pch";
				INFOPLIST_FILE = "studentHelperApp/studentHelperApp-Info.plist";
				PRODUCT_NAME = "$(TARGET_NAME)";
				WRAPPER_EXTENSION = app;
			};
			name = Debug;
		};
		C2B2081317FDA060001DAD23 /* Release */ = {
			isa = XCBuildConfiguration;
			buildSettings = {
				GCC_PRECOMPILE_PREFIX_HEADER = YES;
				GCC_PREFIX_HEADER = "studentHelperApp/studentHelperApp-Prefix.pch";
				INFOPLIST_FILE = "studentHelperApp/studentHelperApp-Info.plist";
				PRODUCT_NAME = "$(TARGET_NAME)";
				WRAPPER_EXTENSION = app;
			};
			name = Release;
		};
/* End XCBuildConfiguration section */

/* Begin XCConfigurationList section */
		C2B207E617FDA060001DAD23 /* Build configuration list for PBXProject "studentHelperApp" */ = {
			isa = XCConfigurationList;
			buildConfigurations = (
				C2B2080F17FDA060001DAD23 /* Debug */,
				C2B2081017FDA060001DAD23 /* Release */,
			);
			defaultConfigurationIsVisible = 0;
			defaultConfigurationName = Release;
		};
		C2B2081117FDA060001DAD23 /* Build configuration list for PBXNativeTarget "studentHelperApp" */ = {
			isa = XCConfigurationList;
			buildConfigurations = (
				C2B2081217FDA060001DAD23 /* Debug */,
				C2B2081317FDA060001DAD23 /* Release */,
			);
			defaultConfigurationIsVisible = 0;
			defaultConfigurationName = Release;
		};
/* End XCConfigurationList section */

/* Begin XCVersionGroup section */
		C2B2081617FDA990001DAD23 /* StudentModel.xcdatamodeld */ = {
			isa = XCVersionGroup;
			children = (
				C2B2081717FDA990001DAD23 /* StudentModel.xcdatamodel */,
			);
			currentVersion = C2B2081717FDA990001DAD23 /* StudentModel.xcdatamodel */;
			path = StudentModel.xcdatamodeld;
			sourceTree = "<group>";
			versionGroupType = wrapper.xcdatamodel;
		};
/* End XCVersionGroup section */
	};
	rootObject = C2B207E317FDA060001DAD23 /* Project object */;
}
